
Microsoft Visual Studio Solution File, Format Version 12.00
# Visual Studio 15
VisualStudioVersion = 15.0.26228.9
MinimumVisualStudioVersion = 10.0.40219.1
Project("{FAE04EC0-301F-11D3-BF4B-00C04F79EFBC}") = "shaoqi.test", "shaoqi.test\shaoqi.test.csproj", "{F8ABED69-61FB-4CB1-855B-72C908126481}"
EndProject
Project("{FAE04EC0-301F-11D3-BF4B-00C04F79EFBC}") = "ConsoleApplication1", "ConsoleApplication1\ConsoleApplication1.csproj", "{7DC37987-5019-4E99-AEE4-57D1440A413E}"
EndProject
Project("{FAE04EC0-301F-11D3-BF4B-00C04F79EFBC}") = "XpathTest", "XpathTest\XpathTest.csproj", "{68503E1A-55D9-4E6D-88B0-5925FB81621B}"
EndProject
Project("{FAE04EC0-301F-11D3-BF4B-00C04F79EFBC}") = "jsonTest", "jsonTest\jsonTest.csproj", "{4D5FCFB0-4229-4378-93A9-ADB017619DB1}"
EndProject
Project("{FAE04EC0-301F-11D3-BF4B-00C04F79EFBC}") = "AttrubuteTest", "AttrubuteTest\AttrubuteTest.csproj", "{0B0C357B-CF26-48DF-958E-117ED3CAA510}"
EndProject
Project("{FAE04EC0-301F-11D3-BF4B-00C04F79EFBC}") = "EnumerableTest", "EnumerableTest\EnumerableTest.csproj", "{2E0ABE0B-C1D5-4B60-9367-E8639A7AA637}"
EndProject
Project("{FAE04EC0-301F-11D3-BF4B-00C04F79EFBC}") = "ExpressionTest", "ExpressionTest\ExpressionTest.csproj", "{0D8A058A-4090-4808-8631-E306D21FD1BE}"
EndProject
Project("{FAE04EC0-301F-11D3-BF4B-00C04F79EFBC}") = "FunInAndOut", "FunInAndOut\FunInAndOut.csproj", "{AD1FC5E2-BF44-4634-AE67-30BC7B8D2A8B}"
EndProject
Project("{FAE04EC0-301F-11D3-BF4B-00C04F79EFBC}") = "reflectTest", "reflectTest\reflectTest.csproj", "{53D06BA8-4B33-408B-B4EC-9E6A9224578B}"
EndProject
Project("{FAE04EC0-301F-11D3-BF4B-00C04F79EFBC}") = "ExcelInput", "ExcelInput\ExcelInput.csproj", "{E5A369F4-E3EF-41E4-87AF-F6D827AADAE9}"
EndProject
Project("{FAE04EC0-301F-11D3-BF4B-00C04F79EFBC}") = "FileTest", "FileTest\FileTest.csproj", "{E1A9D7A4-3F91-48AF-BF02-536E4C2E8856}"
EndProject
Project("{FAE04EC0-301F-11D3-BF4B-00C04F79EFBC}") = "WriteFile", "WriteFile\WriteFile.csproj", "{B29A1599-C38B-47F9-8DA5-891C0B9F3ED5}"
EndProject
Project("{FAE04EC0-301F-11D3-BF4B-00C04F79EFBC}") = "OverringTest", "OverringTest\OverringTest.csproj", "{85DCFB62-FFDE-4050-BD2E-8CA6AB0D55CB}"
EndProject
Project("{FAE04EC0-301F-11D3-BF4B-00C04F79EFBC}") = "DrivesTest", "DrivesTest\DrivesTest.csproj", "{10746D3F-D7AF-4858-AF4A-78469E4B8D78}"
EndProject
Project("{FAE04EC0-301F-11D3-BF4B-00C04F79EFBC}") = "Nullable", "Nullable\Nullable.csproj", "{8ACDDE79-B131-424F-8304-A71A542DA265}"
EndProject
Project("{FAE04EC0-301F-11D3-BF4B-00C04F79EFBC}") = "yield", "yield\yield.csproj", "{0CD2B358-F6BA-4D47-8430-75A996E5E4A4}"
EndProject
Project("{FAE04EC0-301F-11D3-BF4B-00C04F79EFBC}") = "AsynchronousProgrammingModel", "AsynchronousProgrammingModel\AsynchronousProgrammingModel.csproj", "{22E04942-87C1-4CA0-A1DA-DD6CB4A340A3}"
EndProject
Project("{FAE04EC0-301F-11D3-BF4B-00C04F79EFBC}") = "IQueryAbleTest", "IQueryAbleTest\IQueryAbleTest.csproj", "{1D451B25-FC4B-483D-9730-1DE0CF2C3A3A}"
EndProject
Project("{FAE04EC0-301F-11D3-BF4B-00C04F79EFBC}") = "TypeTest", "TypeTest\TypeTest.csproj", "{14B1D4F7-9AF3-4F8B-93B5-B8C339DD151E}"
EndProject
Project("{FAE04EC0-301F-11D3-BF4B-00C04F79EFBC}") = "Aop", "Aop\Aop.csproj", "{2E44B6F8-61A6-4A00-8EE2-DFA31291339B}"
EndProject
Project("{FAE04EC0-301F-11D3-BF4B-00C04F79EFBC}") = "MyAopES", "MyAopES\MyAopES.csproj", "{401251C1-0E76-4F04-B6AA-06723C34C093}"
EndProject
Project("{FAE04EC0-301F-11D3-BF4B-00C04F79EFBC}") = "BacthEditeImgName", "BacthEditeImgName\BacthEditeImgName.csproj", "{C2C777C7-8826-445B-9B37-71DA9564C65F}"
EndProject
Global
	GlobalSection(SolutionConfigurationPlatforms) = preSolution
		Debug|Any CPU = Debug|Any CPU
		Debug|x86 = Debug|x86
		Release|Any CPU = Release|Any CPU
		Release|x86 = Release|x86
	EndGlobalSection
	GlobalSection(ProjectConfigurationPlatforms) = postSolution
		{F8ABED69-61FB-4CB1-855B-72C908126481}.Debug|Any CPU.ActiveCfg = Debug|Any CPU
		{F8ABED69-61FB-4CB1-855B-72C908126481}.Debug|Any CPU.Build.0 = Debug|Any CPU
		{F8ABED69-61FB-4CB1-855B-72C908126481}.Debug|x86.ActiveCfg = Debug|x86
		{F8ABED69-61FB-4CB1-855B-72C908126481}.Debug|x86.Build.0 = Debug|x86
		{F8ABED69-61FB-4CB1-855B-72C908126481}.Release|Any CPU.ActiveCfg = Release|Any CPU
		{F8ABED69-61FB-4CB1-855B-72C908126481}.Release|Any CPU.Build.0 = Release|Any CPU
		{F8ABED69-61FB-4CB1-855B-72C908126481}.Release|x86.ActiveCfg = Release|x86
		{F8ABED69-61FB-4CB1-855B-72C908126481}.Release|x86.Build.0 = Release|x86
		{7DC37987-5019-4E99-AEE4-57D1440A413E}.Debug|Any CPU.ActiveCfg = Debug|Any CPU
		{7DC37987-5019-4E99-AEE4-57D1440A413E}.Debug|Any CPU.Build.0 = Debug|Any CPU
		{7DC37987-5019-4E99-AEE4-57D1440A413E}.Debug|x86.ActiveCfg = Debug|x86
		{7DC37987-5019-4E99-AEE4-57D1440A413E}.Debug|x86.Build.0 = Debug|x86
		{7DC37987-5019-4E99-AEE4-57D1440A413E}.Release|Any CPU.ActiveCfg = Release|Any CPU
		{7DC37987-5019-4E99-AEE4-57D1440A413E}.Release|Any CPU.Build.0 = Release|Any CPU
		{7DC37987-5019-4E99-AEE4-57D1440A413E}.Release|x86.ActiveCfg = Release|x86
		{7DC37987-5019-4E99-AEE4-57D1440A413E}.Release|x86.Build.0 = Release|x86
		{68503E1A-55D9-4E6D-88B0-5925FB81621B}.Debug|Any CPU.ActiveCfg = Debug|Any CPU
		{68503E1A-55D9-4E6D-88B0-5925FB81621B}.Debug|Any CPU.Build.0 = Debug|Any CPU
		{68503E1A-55D9-4E6D-88B0-5925FB81621B}.Debug|x86.ActiveCfg = Debug|x86
		{68503E1A-55D9-4E6D-88B0-5925FB81621B}.Debug|x86.Build.0 = Debug|x86
		{68503E1A-55D9-4E6D-88B0-5925FB81621B}.Release|Any CPU.ActiveCfg = Release|Any CPU
		{68503E1A-55D9-4E6D-88B0-5925FB81621B}.Release|Any CPU.Build.0 = Release|Any CPU
		{68503E1A-55D9-4E6D-88B0-5925FB81621B}.Release|x86.ActiveCfg = Release|x86
		{68503E1A-55D9-4E6D-88B0-5925FB81621B}.Release|x86.Build.0 = Release|x86
		{4D5FCFB0-4229-4378-93A9-ADB017619DB1}.Debug|Any CPU.ActiveCfg = Debug|Any CPU
		{4D5FCFB0-4229-4378-93A9-ADB017619DB1}.Debug|Any CPU.Build.0 = Debug|Any CPU
		{4D5FCFB0-4229-4378-93A9-ADB017619DB1}.Debug|x86.ActiveCfg = Debug|x86
		{4D5FCFB0-4229-4378-93A9-ADB017619DB1}.Debug|x86.Build.0 = Debug|x86
		{4D5FCFB0-4229-4378-93A9-ADB017619DB1}.Release|Any CPU.ActiveCfg = Release|Any CPU
		{4D5FCFB0-4229-4378-93A9-ADB017619DB1}.Release|Any CPU.Build.0 = Release|Any CPU
		{4D5FCFB0-4229-4378-93A9-ADB017619DB1}.Release|x86.ActiveCfg = Release|x86
		{4D5FCFB0-4229-4378-93A9-ADB017619DB1}.Release|x86.Build.0 = Release|x86
		{0B0C357B-CF26-48DF-958E-117ED3CAA510}.Debug|Any CPU.ActiveCfg = Debug|Any CPU
		{0B0C357B-CF26-48DF-958E-117ED3CAA510}.Debug|Any CPU.Build.0 = Debug|Any CPU
		{0B0C357B-CF26-48DF-958E-117ED3CAA510}.Debug|x86.ActiveCfg = Debug|x86
		{0B0C357B-CF26-48DF-958E-117ED3CAA510}.Debug|x86.Build.0 = Debug|x86
		{0B0C357B-CF26-48DF-958E-117ED3CAA510}.Release|Any CPU.ActiveCfg = Release|Any CPU
		{0B0C357B-CF26-48DF-958E-117ED3CAA510}.Release|Any CPU.Build.0 = Release|Any CPU
		{0B0C357B-CF26-48DF-958E-117ED3CAA510}.Release|x86.ActiveCfg = Release|x86
		{0B0C357B-CF26-48DF-958E-117ED3CAA510}.Release|x86.Build.0 = Release|x86
		{2E0ABE0B-C1D5-4B60-9367-E8639A7AA637}.Debug|Any CPU.ActiveCfg = Debug|Any CPU
		{2E0ABE0B-C1D5-4B60-9367-E8639A7AA637}.Debug|Any CPU.Build.0 = Debug|Any CPU
		{2E0ABE0B-C1D5-4B60-9367-E8639A7AA637}.Debug|x86.ActiveCfg = Debug|x86
		{2E0ABE0B-C1D5-4B60-9367-E8639A7AA637}.Debug|x86.Build.0 = Debug|x86
		{2E0ABE0B-C1D5-4B60-9367-E8639A7AA637}.Release|Any CPU.ActiveCfg = Release|Any CPU
		{2E0ABE0B-C1D5-4B60-9367-E8639A7AA637}.Release|Any CPU.Build.0 = Release|Any CPU
		{2E0ABE0B-C1D5-4B60-9367-E8639A7AA637}.Release|x86.ActiveCfg = Release|x86
		{2E0ABE0B-C1D5-4B60-9367-E8639A7AA637}.Release|x86.Build.0 = Release|x86
		{0D8A058A-4090-4808-8631-E306D21FD1BE}.Debug|Any CPU.ActiveCfg = Debug|Any CPU
		{0D8A058A-4090-4808-8631-E306D21FD1BE}.Debug|Any CPU.Build.0 = Debug|Any CPU
		{0D8A058A-4090-4808-8631-E306D21FD1BE}.Debug|x86.ActiveCfg = Debug|x86
		{0D8A058A-4090-4808-8631-E306D21FD1BE}.Debug|x86.Build.0 = Debug|x86
		{0D8A058A-4090-4808-8631-E306D21FD1BE}.Release|Any CPU.ActiveCfg = Release|Any CPU
		{0D8A058A-4090-4808-8631-E306D21FD1BE}.Release|Any CPU.Build.0 = Release|Any CPU
		{0D8A058A-4090-4808-8631-E306D21FD1BE}.Release|x86.ActiveCfg = Release|x86
		{0D8A058A-4090-4808-8631-E306D21FD1BE}.Release|x86.Build.0 = Release|x86
		{AD1FC5E2-BF44-4634-AE67-30BC7B8D2A8B}.Debug|Any CPU.ActiveCfg = Debug|Any CPU
		{AD1FC5E2-BF44-4634-AE67-30BC7B8D2A8B}.Debug|Any CPU.Build.0 = Debug|Any CPU
		{AD1FC5E2-BF44-4634-AE67-30BC7B8D2A8B}.Debug|x86.ActiveCfg = Debug|x86
		{AD1FC5E2-BF44-4634-AE67-30BC7B8D2A8B}.Debug|x86.Build.0 = Debug|x86
		{AD1FC5E2-BF44-4634-AE67-30BC7B8D2A8B}.Release|Any CPU.ActiveCfg = Release|Any CPU
		{AD1FC5E2-BF44-4634-AE67-30BC7B8D2A8B}.Release|Any CPU.Build.0 = Release|Any CPU
		{AD1FC5E2-BF44-4634-AE67-30BC7B8D2A8B}.Release|x86.ActiveCfg = Release|x86
		{AD1FC5E2-BF44-4634-AE67-30BC7B8D2A8B}.Release|x86.Build.0 = Release|x86
		{53D06BA8-4B33-408B-B4EC-9E6A9224578B}.Debug|Any CPU.ActiveCfg = Debug|Any CPU
		{53D06BA8-4B33-408B-B4EC-9E6A9224578B}.Debug|Any CPU.Build.0 = Debug|Any CPU
		{53D06BA8-4B33-408B-B4EC-9E6A9224578B}.Debug|x86.ActiveCfg = Debug|x86
		{53D06BA8-4B33-408B-B4EC-9E6A9224578B}.Debug|x86.Build.0 = Debug|x86
		{53D06BA8-4B33-408B-B4EC-9E6A9224578B}.Release|Any CPU.ActiveCfg = Release|Any CPU
		{53D06BA8-4B33-408B-B4EC-9E6A9224578B}.Release|Any CPU.Build.0 = Release|Any CPU
		{53D06BA8-4B33-408B-B4EC-9E6A9224578B}.Release|x86.ActiveCfg = Release|x86
		{53D06BA8-4B33-408B-B4EC-9E6A9224578B}.Release|x86.Build.0 = Release|x86
		{E5A369F4-E3EF-41E4-87AF-F6D827AADAE9}.Debug|Any CPU.ActiveCfg = Debug|x86
		{E5A369F4-E3EF-41E4-87AF-F6D827AADAE9}.Debug|Any CPU.Build.0 = Debug|x86
		{E5A369F4-E3EF-41E4-87AF-F6D827AADAE9}.Debug|x86.ActiveCfg = Debug|x86
		{E5A369F4-E3EF-41E4-87AF-F6D827AADAE9}.Debug|x86.Build.0 = Debug|x86
		{E5A369F4-E3EF-41E4-87AF-F6D827AADAE9}.Release|Any CPU.ActiveCfg = Release|Any CPU
		{E5A369F4-E3EF-41E4-87AF-F6D827AADAE9}.Release|Any CPU.Build.0 = Release|Any CPU
		{E5A369F4-E3EF-41E4-87AF-F6D827AADAE9}.Release|x86.ActiveCfg = Release|x86
		{E5A369F4-E3EF-41E4-87AF-F6D827AADAE9}.Release|x86.Build.0 = Release|x86
		{E1A9D7A4-3F91-48AF-BF02-536E4C2E8856}.Debug|Any CPU.ActiveCfg = Debug|Any CPU
		{E1A9D7A4-3F91-48AF-BF02-536E4C2E8856}.Debug|Any CPU.Build.0 = Debug|Any CPU
		{E1A9D7A4-3F91-48AF-BF02-536E4C2E8856}.Debug|x86.ActiveCfg = Debug|Any CPU
		{E1A9D7A4-3F91-48AF-BF02-536E4C2E8856}.Release|Any CPU.ActiveCfg = Release|Any CPU
		{E1A9D7A4-3F91-48AF-BF02-536E4C2E8856}.Release|Any CPU.Build.0 = Release|Any CPU
		{E1A9D7A4-3F91-48AF-BF02-536E4C2E8856}.Release|x86.ActiveCfg = Release|Any CPU
		{B29A1599-C38B-47F9-8DA5-891C0B9F3ED5}.Debug|Any CPU.ActiveCfg = Debug|Any CPU
		{B29A1599-C38B-47F9-8DA5-891C0B9F3ED5}.Debug|Any CPU.Build.0 = Debug|Any CPU
		{B29A1599-C38B-47F9-8DA5-891C0B9F3ED5}.Debug|x86.ActiveCfg = Debug|Any CPU
		{B29A1599-C38B-47F9-8DA5-891C0B9F3ED5}.Release|Any CPU.ActiveCfg = Release|Any CPU
		{B29A1599-C38B-47F9-8DA5-891C0B9F3ED5}.Release|Any CPU.Build.0 = Release|Any CPU
		{B29A1599-C38B-47F9-8DA5-891C0B9F3ED5}.Release|x86.ActiveCfg = Release|Any CPU
		{85DCFB62-FFDE-4050-BD2E-8CA6AB0D55CB}.Debug|Any CPU.ActiveCfg = Debug|Any CPU
		{85DCFB62-FFDE-4050-BD2E-8CA6AB0D55CB}.Debug|Any CPU.Build.0 = Debug|Any CPU
		{85DCFB62-FFDE-4050-BD2E-8CA6AB0D55CB}.Debug|x86.ActiveCfg = Debug|Any CPU
		{85DCFB62-FFDE-4050-BD2E-8CA6AB0D55CB}.Release|Any CPU.ActiveCfg = Release|Any CPU
		{85DCFB62-FFDE-4050-BD2E-8CA6AB0D55CB}.Release|Any CPU.Build.0 = Release|Any CPU
		{85DCFB62-FFDE-4050-BD2E-8CA6AB0D55CB}.Release|x86.ActiveCfg = Release|Any CPU
		{10746D3F-D7AF-4858-AF4A-78469E4B8D78}.Debug|Any CPU.ActiveCfg = Debug|Any CPU
		{10746D3F-D7AF-4858-AF4A-78469E4B8D78}.Debug|Any CPU.Build.0 = Debug|Any CPU
		{10746D3F-D7AF-4858-AF4A-78469E4B8D78}.Debug|x86.ActiveCfg = Debug|Any CPU
		{10746D3F-D7AF-4858-AF4A-78469E4B8D78}.Release|Any CPU.ActiveCfg = Release|Any CPU
		{10746D3F-D7AF-4858-AF4A-78469E4B8D78}.Release|Any CPU.Build.0 = Release|Any CPU
		{10746D3F-D7AF-4858-AF4A-78469E4B8D78}.Release|x86.ActiveCfg = Release|Any CPU
		{8ACDDE79-B131-424F-8304-A71A542DA265}.Debug|Any CPU.ActiveCfg = Debug|Any CPU
		{8ACDDE79-B131-424F-8304-A71A542DA265}.Debug|Any CPU.Build.0 = Debug|Any CPU
		{8ACDDE79-B131-424F-8304-A71A542DA265}.Debug|x86.ActiveCfg = Debug|Any CPU
		{8ACDDE79-B131-424F-8304-A71A542DA265}.Release|Any CPU.ActiveCfg = Release|Any CPU
		{8ACDDE79-B131-424F-8304-A71A542DA265}.Release|Any CPU.Build.0 = Release|Any CPU
		{8ACDDE79-B131-424F-8304-A71A542DA265}.Release|x86.ActiveCfg = Release|Any CPU
		{0CD2B358-F6BA-4D47-8430-75A996E5E4A4}.Debug|Any CPU.ActiveCfg = Debug|Any CPU
		{0CD2B358-F6BA-4D47-8430-75A996E5E4A4}.Debug|Any CPU.Build.0 = Debug|Any CPU
		{0CD2B358-F6BA-4D47-8430-75A996E5E4A4}.Debug|x86.ActiveCfg = Debug|Any CPU
		{0CD2B358-F6BA-4D47-8430-75A996E5E4A4}.Release|Any CPU.ActiveCfg = Release|Any CPU
		{0CD2B358-F6BA-4D47-8430-75A996E5E4A4}.Release|Any CPU.Build.0 = Release|Any CPU
		{0CD2B358-F6BA-4D47-8430-75A996E5E4A4}.Release|x86.ActiveCfg = Release|Any CPU
		{22E04942-87C1-4CA0-A1DA-DD6CB4A340A3}.Debug|Any CPU.ActiveCfg = Debug|Any CPU
		{22E04942-87C1-4CA0-A1DA-DD6CB4A340A3}.Debug|Any CPU.Build.0 = Debug|Any CPU
		{22E04942-87C1-4CA0-A1DA-DD6CB4A340A3}.Debug|x86.ActiveCfg = Debug|Any CPU
		{22E04942-87C1-4CA0-A1DA-DD6CB4A340A3}.Release|Any CPU.ActiveCfg = Release|Any CPU
		{22E04942-87C1-4CA0-A1DA-DD6CB4A340A3}.Release|Any CPU.Build.0 = Release|Any CPU
		{22E04942-87C1-4CA0-A1DA-DD6CB4A340A3}.Release|x86.ActiveCfg = Release|Any CPU
		{1D451B25-FC4B-483D-9730-1DE0CF2C3A3A}.Debug|Any CPU.ActiveCfg = Debug|Any CPU
		{1D451B25-FC4B-483D-9730-1DE0CF2C3A3A}.Debug|Any CPU.Build.0 = Debug|Any CPU
		{1D451B25-FC4B-483D-9730-1DE0CF2C3A3A}.Debug|x86.ActiveCfg = Debug|Any CPU
		{1D451B25-FC4B-483D-9730-1DE0CF2C3A3A}.Release|Any CPU.ActiveCfg = Release|Any CPU
		{1D451B25-FC4B-483D-9730-1DE0CF2C3A3A}.Release|Any CPU.Build.0 = Release|Any CPU
		{1D451B25-FC4B-483D-9730-1DE0CF2C3A3A}.Release|x86.ActiveCfg = Release|Any CPU
		{14B1D4F7-9AF3-4F8B-93B5-B8C339DD151E}.Debug|Any CPU.ActiveCfg = Debug|Any CPU
		{14B1D4F7-9AF3-4F8B-93B5-B8C339DD151E}.Debug|Any CPU.Build.0 = Debug|Any CPU
		{14B1D4F7-9AF3-4F8B-93B5-B8C339DD151E}.Debug|x86.ActiveCfg = Debug|Any CPU
		{14B1D4F7-9AF3-4F8B-93B5-B8C339DD151E}.Release|Any CPU.ActiveCfg = Release|Any CPU
		{14B1D4F7-9AF3-4F8B-93B5-B8C339DD151E}.Release|Any CPU.Build.0 = Release|Any CPU
		{14B1D4F7-9AF3-4F8B-93B5-B8C339DD151E}.Release|x86.ActiveCfg = Release|Any CPU
		{2E44B6F8-61A6-4A00-8EE2-DFA31291339B}.Debug|Any CPU.ActiveCfg = Debug|Any CPU
		{2E44B6F8-61A6-4A00-8EE2-DFA31291339B}.Debug|Any CPU.Build.0 = Debug|Any CPU
		{2E44B6F8-61A6-4A00-8EE2-DFA31291339B}.Debug|x86.ActiveCfg = Debug|Any CPU
		{2E44B6F8-61A6-4A00-8EE2-DFA31291339B}.Debug|x86.Build.0 = Debug|Any CPU
		{2E44B6F8-61A6-4A00-8EE2-DFA31291339B}.Release|Any CPU.ActiveCfg = Release|Any CPU
		{2E44B6F8-61A6-4A00-8EE2-DFA31291339B}.Release|Any CPU.Build.0 = Release|Any CPU
		{2E44B6F8-61A6-4A00-8EE2-DFA31291339B}.Release|x86.ActiveCfg = Release|Any CPU
		{2E44B6F8-61A6-4A00-8EE2-DFA31291339B}.Release|x86.Build.0 = Release|Any CPU
		{401251C1-0E76-4F04-B6AA-06723C34C093}.Debug|Any CPU.ActiveCfg = Debug|Any CPU
		{401251C1-0E76-4F04-B6AA-06723C34C093}.Debug|Any CPU.Build.0 = Debug|Any CPU
		{401251C1-0E76-4F04-B6AA-06723C34C093}.Debug|x86.ActiveCfg = Debug|Any CPU
		{401251C1-0E76-4F04-B6AA-06723C34C093}.Debug|x86.Build.0 = Debug|Any CPU
		{401251C1-0E76-4F04-B6AA-06723C34C093}.Release|Any CPU.ActiveCfg = Release|Any CPU
		{401251C1-0E76-4F04-B6AA-06723C34C093}.Release|Any CPU.Build.0 = Release|Any CPU
		{401251C1-0E76-4F04-B6AA-06723C34C093}.Release|x86.ActiveCfg = Release|Any CPU
		{401251C1-0E76-4F04-B6AA-06723C34C093}.Release|x86.Build.0 = Release|Any CPU
		{C2C777C7-8826-445B-9B37-71DA9564C65F}.Debug|Any CPU.ActiveCfg = Debug|Any CPU
		{C2C777C7-8826-445B-9B37-71DA9564C65F}.Debug|Any CPU.Build.0 = Debug|Any CPU
		{C2C777C7-8826-445B-9B37-71DA9564C65F}.Debug|x86.ActiveCfg = Debug|Any CPU
		{C2C777C7-8826-445B-9B37-71DA9564C65F}.Debug|x86.Build.0 = Debug|Any CPU
		{C2C777C7-8826-445B-9B37-71DA9564C65F}.Release|Any CPU.ActiveCfg = Release|Any CPU
		{C2C777C7-8826-445B-9B37-71DA9564C65F}.Release|Any CPU.Build.0 = Release|Any CPU
		{C2C777C7-8826-445B-9B37-71DA9564C65F}.Release|x86.ActiveCfg = Release|Any CPU
		{C2C777C7-8826-445B-9B37-71DA9564C65F}.Release|x86.Build.0 = Release|Any CPU
	EndGlobalSection
	GlobalSection(SolutionProperties) = preSolution
		HideSolutionNode = FALSE
	EndGlobalSection
	GlobalSection(ExtensibilityGlobals) = postSolution
		EnterpriseLibraryConfigurationToolBinariesPathV6 = packages\EnterpriseLibrary.Common.6.0.1304.0\lib\NET45;packages\EnterpriseLibrary.PolicyInjection.6.0.1304.0\lib\NET45
	EndGlobalSection
EndGlobal
